
Microsoft Visual Studio Solution File, Format Version 12.00
# Visual Studio Version 17
VisualStudioVersion = 17.9.34616.47
MinimumVisualStudioVersion = 10.0.40219.1
Project("{9A19103F-16F7-4668-BE54-9A1E7A4F7556}") = "WebApiPersonSkills", "WebApiPersonSkills\WebApiPersonSkills.csproj", "{959D4554-0C58-4EC1-BB56-4AB7A46B9041}"
EndProject
Project("{E53339B2-1760-4266-BCC7-CA923CBCF16C}") = "docker-compose", "docker-compose.dcproj", "{C44A56E2-3E59-4897-AABB-1AE9D0F96FB5}"
EndProject
Global
	GlobalSection(SolutionConfigurationPlatforms) = preSolution
		Debug|Any CPU = Debug|Any CPU
		Release|Any CPU = Release|Any CPU
	EndGlobalSection
	GlobalSection(ProjectConfigurationPlatforms) = postSolution
		{959D4554-0C58-4EC1-BB56-4AB7A46B9041}.Debug|Any CPU.ActiveCfg = Debug|Any CPU
		{959D4554-0C58-4EC1-BB56-4AB7A46B9041}.Debug|Any CPU.Build.0 = Debug|Any CPU
		{959D4554-0C58-4EC1-BB56-4AB7A46B9041}.Release|Any CPU.ActiveCfg = Release|Any CPU
		{959D4554-0C58-4EC1-BB56-4AB7A46B9041}.Release|Any CPU.Build.0 = Release|Any CPU
		{C44A56E2-3E59-4897-AABB-1AE9D0F96FB5}.Debug|Any CPU.ActiveCfg = Debug|Any CPU
		{C44A56E2-3E59-4897-AABB-1AE9D0F96FB5}.Debug|Any CPU.Build.0 = Debug|Any CPU
		{C44A56E2-3E59-4897-AABB-1AE9D0F96FB5}.Release|Any CPU.ActiveCfg = Release|Any CPU
		{C44A56E2-3E59-4897-AABB-1AE9D0F96FB5}.Release|Any CPU.Build.0 = Release|Any CPU
	EndGlobalSection
	GlobalSection(SolutionProperties) = preSolution
		HideSolutionNode = FALSE
	EndGlobalSection
	GlobalSection(ExtensibilityGlobals) = postSolution
		SolutionGuid = {F0896F0F-F3CE-40D6-B9C2-750A36E91A19}
	EndGlobalSection
EndGlobal
